<?xml version="1.0" encoding="utf-8"?>
<Project xmlns="http://schemas.microsoft.com/developer/msbuild/2003">
  <ItemGroup>
    <Filter Include="Form Files">
      <UniqueIdentifier>{99349809-55BA-4b9d-BF79-8FDBB0286EB3}</UniqueIdentifier>
      <Extensions>ui</Extensions>
      <ParseFiles>false</ParseFiles>
    </Filter>
    <Filter Include="Form Files">
      <UniqueIdentifier>{99349809-55BA-4b9d-BF79-8FDBB0286EB3}</UniqueIdentifier>
      <Extensions>ui</Extensions>
      <ParseFiles>false</ParseFiles>
    </Filter>
    <Filter Include="Generated Files">
      <UniqueIdentifier>{71ED8ED8-ACB9-4CE9-BBE1-E00B30144E11}</UniqueIdentifier>
      <Extensions>cpp;c;cxx;moc;h;def;odl;idl;res;</Extensions>
    </Filter>
    <Filter Include="Generated Files">
      <UniqueIdentifier>{71ED8ED8-ACB9-4CE9-BBE1-E00B30144E11}</UniqueIdentifier>
      <Extensions>cpp;c;cxx;moc;h;def;odl;idl;res;</Extensions>
    </Filter>
    <Filter Include="Source Files">
      <UniqueIdentifier>{4FC737F1-C7A5-4376-A066-2A32D752A2FF}</UniqueIdentifier>
      <Extensions>cpp;c;cxx;def;odl;idl;hpj;bat;asm;asmx</Extensions>
    </Filter>
    <Filter Include="Source Files">
      <UniqueIdentifier>{4FC737F1-C7A5-4376-A066-2A32D752A2FF}</UniqueIdentifier>
      <Extensions>cpp;c;cxx;def;odl;idl;hpj;bat;asm;asmx</Extensions>
    </Filter>
    <Filter Include="tanks_part">
      <UniqueIdentifier>{2d48a518-0697-48c3-92b0-64b78c0c91e0}</UniqueIdentifier>
    </Filter>
    <Filter Include="game">
      <UniqueIdentifier>{3e955033-29f0-47a5-a6a4-317a09332ae5}</UniqueIdentifier>
    </Filter>
    <Filter Include="steel_stuff">
      <UniqueIdentifier>{c36d503d-5aa5-4f6a-b4b5-87123a6b4d3c}</UniqueIdentifier>
    </Filter>
  </ItemGroup>
  <ItemGroup>
    <ClCompile Include="main.cpp">
      <Filter>Source Files</Filter>
    </ClCompile>
    <ClCompile Include="mainwindow.cpp">
      <Filter>Form Files</Filter>
    </ClCompile>
    <ClCompile Include="body.cpp">
      <Filter>tanks_part</Filter>
    </ClCompile>
    <ClCompile Include="gun.cpp">
      <Filter>tanks_part</Filter>
    </ClCompile>
    <ClCompile Include="tank.cpp">
      <Filter>tanks_part</Filter>
    </ClCompile>
    <ClCompile Include="track.cpp">
      <Filter>tanks_part</Filter>
    </ClCompile>
    <ClCompile Include="vision.cpp">
      <Filter>tanks_part</Filter>
    </ClCompile>
    <ClCompile Include="player.cpp">
      <Filter>game</Filter>
    </ClCompile>
    <ClCompile Include="gamepadmngr.cpp">
      <Filter>steel_stuff</Filter>
    </ClCompile>
    <ClCompile Include="arduino_sender.cpp">
      <Filter>steel_stuff</Filter>
    </ClCompile>
    <ClCompile Include="camera.cpp">
      <Filter>steel_stuff</Filter>
    </ClCompile>
    <ClCompile Include="default_gp_settings.cpp">
      <Filter>steel_stuff</Filter>
    </ClCompile>
    <ClCompile Include="tower.cpp">
      <Filter>tanks_part</Filter>
    </ClCompile>
  </ItemGroup>
  <ItemGroup>
    <ClInclude Include="vision.h">
      <Filter>tanks_part</Filter>
    </ClInclude>
    <ClInclude Include="track.h">
      <Filter>tanks_part</Filter>
    </ClInclude>
    <ClInclude Include="body.h">
      <Filter>tanks_part</Filter>
    </ClInclude>
    <ClInclude Include="gun.h">
      <Filter>tanks_part</Filter>
    </ClInclude>
    <ClInclude Include="player.h">
      <Filter>game</Filter>
    </ClInclude>
    <ClInclude Include="action.h">
      <Filter>steel_stuff</Filter>
    </ClInclude>
    <ClInclude Include="arduino_sender.h">
      <Filter>steel_stuff</Filter>
    </ClInclude>
    <ClInclude Include="camera.h">
      <Filter>steel_stuff</Filter>
    </ClInclude>
    <ClInclude Include="default_gp_settings.h">
      <Filter>steel_stuff</Filter>
    </ClInclude>
  </ItemGroup>
  <ItemGroup>
    <CustomBuild Include="debug\moc_predefs.h.cbt">
      <Filter>Generated Files</Filter>
    </CustomBuild>
    <CustomBuild Include="release\moc_predefs.h.cbt">
      <Filter>Generated Files</Filter>
    </CustomBuild>
    <ClInclude Include="ui_mainwindow.h">
      <Filter>Generated Files</Filter>
    </ClInclude>
  </ItemGroup>
  <ItemGroup>
    <QtUic Include="mainwindow.ui">
      <Filter>Form Files</Filter>
    </QtUic>
  </ItemGroup>
  <ItemGroup>
    <QtMoc Include="mainwindow.h">
      <Filter>Form Files</Filter>
    </QtMoc>
    <QtMoc Include="gamepadmngr.h">
      <Filter>steel_stuff</Filter>
    </QtMoc>
    <QtMoc Include="tank.h">
      <Filter>tanks_part</Filter>
    </QtMoc>
    <QtMoc Include="tower.h">
      <Filter>tanks_part</Filter>
    </QtMoc>
  </ItemGroup>
</Project>