<?xml version="1.0" encoding="utf-8"?>
<Project ToolsVersion="4.0" xmlns="http://schemas.microsoft.com/developer/msbuild/2003">
  <ItemGroup>
    <Filter Include="Source Files">
      <UniqueIdentifier>{4FC737F1-C7A5-4376-A066-2A32D752A2FF}</UniqueIdentifier>
      <Extensions>cpp;c;cc;cxx;def;odl;idl;hpj;bat;asm;asmx</Extensions>
    </Filter>
    <Filter Include="Resource Files">
      <UniqueIdentifier>{D9D6E242-F8AF-46E4-B9FD-80ECBC20BA3E}</UniqueIdentifier>
      <Extensions>qrc;*</Extensions>
      <ParseFiles>false</ParseFiles>
    </Filter>
    <Filter Include="Form Files">
      <UniqueIdentifier>{99349809-55BA-4b9d-BF79-8FDBB0286EB3}</UniqueIdentifier>
      <Extensions>ui</Extensions>
    </Filter>
    <Filter Include="Resource Files">
      <UniqueIdentifier>{D9D6E242-F8AF-46E4-B9FD-80ECBC20BA3E}</UniqueIdentifier>
      <Extensions>qrc;*</Extensions>
      <ParseFiles>false</ParseFiles>
    </Filter>
    <Filter Include="gamepad">
      <UniqueIdentifier>{93995380-89BD-4b04-88EB-625FBE52EBFB}</UniqueIdentifier>
      <Extensions>h;hh;hpp;hxx;hm;inl;inc;xsd</Extensions>
    </Filter>
    <Filter Include="player">
      <UniqueIdentifier>{f8f3609e-4b57-400f-810c-669cd1f42353}</UniqueIdentifier>
    </Filter>
  </ItemGroup>
  <ItemGroup>
    <ClCompile Include="Player_local.cpp">
      <Filter>player</Filter>
    </ClCompile>
    <ClCompile Include="tanks_client.cpp">
      <Filter>player</Filter>
    </ClCompile>
    <ClCompile Include="gamepadmngr.cpp">
      <Filter>gamepad</Filter>
    </ClCompile>
    <ClCompile Include="..\common\default_gp_settings.cpp">
      <Filter>gamepad</Filter>
    </ClCompile>
    <ClCompile Include="main_client.cpp">
      <Filter>Source Files</Filter>
    </ClCompile>
    <ClCompile Include="thread_mngr.cpp">
      <Filter>gamepad</Filter>
    </ClCompile>
  </ItemGroup>
  <ItemGroup>
    <QtUic Include="tanks_client.ui">
      <Filter>Form Files</Filter>
    </QtUic>
  </ItemGroup>
  <ItemGroup>
    <QtRcc Include="tanks_client.qrc">
      <Filter>Form Files</Filter>
    </QtRcc>
  </ItemGroup>
  <ItemGroup>
    <QtMoc Include="tanks_client.h">
      <Filter>player</Filter>
    </QtMoc>
    <QtMoc Include="Player_local.h">
      <Filter>player</Filter>
    </QtMoc>
    <QtMoc Include="gamepadmngr.h">
      <Filter>gamepad</Filter>
    </QtMoc>
    <QtMoc Include="thread_mngr.h">
      <Filter>gamepad</Filter>
    </QtMoc>
  </ItemGroup>
  <ItemGroup>
    <ClInclude Include="server_settings.h">
      <Filter>player</Filter>
    </ClInclude>
    <ClInclude Include="..\common\action.h">
      <Filter>gamepad</Filter>
    </ClInclude>
    <ClInclude Include="..\common\default_gp_settings.h">
      <Filter>gamepad</Filter>
    </ClInclude>
    <ClInclude Include="..\common\game_type.h">
      <Filter>player</Filter>
    </ClInclude>
  </ItemGroup>
</Project>