<?xml version="1.0" encoding="utf-8"?>
<Project ToolsVersion="4.0" xmlns="http://schemas.microsoft.com/developer/msbuild/2003">
  <ItemGroup>
    <Filter Include="Source Files">
      <UniqueIdentifier>{4FC737F1-C7A5-4376-A066-2A32D752A2FF}</UniqueIdentifier>
      <Extensions>cpp;c;cc;cxx;def;odl;idl;hpj;bat;asm;asmx</Extensions>
    </Filter>
    <Filter Include="Form Files">
      <UniqueIdentifier>{99349809-55BA-4b9d-BF79-8FDBB0286EB3}</UniqueIdentifier>
      <Extensions>ui</Extensions>
    </Filter>
    <Filter Include="Resource Files">
      <UniqueIdentifier>{D9D6E242-F8AF-46E4-B9FD-80ECBC20BA3E}</UniqueIdentifier>
      <Extensions>qrc;*</Extensions>
      <ParseFiles>false</ParseFiles>
    </Filter>
    <Filter Include="game">
      <UniqueIdentifier>{93995380-89BD-4b04-88EB-625FBE52EBFB}</UniqueIdentifier>
      <Extensions>h;hh;hpp;hxx;hm;inl;inc;xsd</Extensions>
    </Filter>
    <Filter Include="steel_stuff">
      <UniqueIdentifier>{D9D6E242-F8AF-46E4-B9FD-80ECBC20BA3E}</UniqueIdentifier>
      <Extensions>qrc;*</Extensions>
      <ParseFiles>false</ParseFiles>
    </Filter>
    <Filter Include="tanks_part">
      <UniqueIdentifier>{1d6cb504-5394-4ec3-bc3b-71412f351d75}</UniqueIdentifier>
    </Filter>
  </ItemGroup>
  <ItemGroup>
    <ClCompile Include="gun.cpp">
      <Filter>tanks_part</Filter>
    </ClCompile>
    <ClCompile Include="tank.cpp">
      <Filter>tanks_part</Filter>
    </ClCompile>
    <ClCompile Include="tower.cpp">
      <Filter>tanks_part</Filter>
    </ClCompile>
    <ClCompile Include="vision.cpp">
      <Filter>tanks_part</Filter>
    </ClCompile>
    <ClCompile Include="body.cpp">
      <Filter>tanks_part</Filter>
    </ClCompile>
    <ClCompile Include="arduino_sender.cpp">
      <Filter>steel_stuff</Filter>
    </ClCompile>
    <ClCompile Include="camera.cpp">
      <Filter>steel_stuff</Filter>
    </ClCompile>
    <ClCompile Include="Game.cpp">
      <Filter>game</Filter>
    </ClCompile>
    <ClCompile Include="rules.cpp">
      <Filter>game</Filter>
    </ClCompile>
    <ClCompile Include="player_server.cpp">
      <Filter>game</Filter>
    </ClCompile>
    <ClCompile Include="main_server.cpp">
      <Filter>Source Files</Filter>
    </ClCompile>
    <ClCompile Include="tracks.cpp">
      <Filter>tanks_part</Filter>
    </ClCompile>
    <ClCompile Include="track.cpp">
      <Filter>tanks_part</Filter>
    </ClCompile>
    <ClCompile Include="track_thread.cpp">
      <Filter>tanks_part</Filter>
    </ClCompile>
    <ClCompile Include="..\common\server_buffer.cpp">
      <Filter>Source Files</Filter>
    </ClCompile>
  </ItemGroup>
  <ItemGroup>
    <QtUic Include="tanks_server.ui">
      <Filter>Form Files</Filter>
    </QtUic>
  </ItemGroup>
  <ItemGroup>
    <QtRcc Include="tanks_server.qrc">
      <Filter>Form Files</Filter>
    </QtRcc>
  </ItemGroup>
  <ItemGroup>
    <ClInclude Include="gun.h">
      <Filter>tanks_part</Filter>
    </ClInclude>
    <ClInclude Include="tanks_settings.h">
      <Filter>tanks_part</Filter>
    </ClInclude>
    <ClInclude Include="body.h">
      <Filter>tanks_part</Filter>
    </ClInclude>
    <ClInclude Include="camera.h">
      <Filter>steel_stuff</Filter>
    </ClInclude>
    <ClInclude Include="..\common\action.h">
      <Filter>steel_stuff</Filter>
    </ClInclude>
    <ClInclude Include="Game.h">
      <Filter>game</Filter>
    </ClInclude>
    <ClInclude Include="rules.h">
      <Filter>game</Filter>
    </ClInclude>
    <ClInclude Include="..\common\server_buffer.h">
      <Filter>game</Filter>
    </ClInclude>
    <ClInclude Include="tanks_ip.h">
      <Filter>tanks_part</Filter>
    </ClInclude>
    <ClInclude Include="track.h">
      <Filter>tanks_part</Filter>
    </ClInclude>
    <ClInclude Include="vision.h">
      <Filter>tanks_part</Filter>
    </ClInclude>
  </ItemGroup>
  <ItemGroup>
    <QtMoc Include="tank.h">
      <Filter>tanks_part</Filter>
    </QtMoc>
    <QtMoc Include="tower.h">
      <Filter>tanks_part</Filter>
    </QtMoc>
    <QtMoc Include="player_server.h">
      <Filter>game</Filter>
    </QtMoc>
    <QtMoc Include="arduino_sender.h">
      <Filter>steel_stuff</Filter>
    </QtMoc>
    <QtMoc Include="tracks.h">
      <Filter>tanks_part</Filter>
    </QtMoc>
    <QtMoc Include="track_thread.h">
      <Filter>tanks_part</Filter>
    </QtMoc>
  </ItemGroup>
</Project>